
Microsoft Visual Studio Solution File, Format Version 12.00
Project("{FAE04EC0-301F-11D3-BF4B-00C04F79EFBC}") = "Trekker.API", "Trekker.API\Trekker.API.csproj", "{43DFE924-FF49-42E2-8A56-569570EDABF7}"
EndProject
Project("{FAE04EC0-301F-11D3-BF4B-00C04F79EFBC}") = "Trekker.Application", "Trekker.Application\Trekker.Application.csproj", "{9C09856B-DD17-4C9D-9C66-E57510696822}"
EndProject
Project("{FAE04EC0-301F-11D3-BF4B-00C04F79EFBC}") = "Trekker.Infrastructure", "Trekker.Infrastructure\Trekker.Infrastructure.csproj", "{995DFA86-113C-4D6E-9AF5-E3293190771B}"
EndProject
Project("{FAE04EC0-301F-11D3-BF4B-00C04F79EFBC}") = "Trekker.Domain", "Trekker.Domain\Trekker.Domain.csproj", "{20BF28E9-E697-4431-9628-BE7319FF7117}"
EndProject
Global
	GlobalSection(SolutionConfigurationPlatforms) = preSolution
		Debug|Any CPU = Debug|Any CPU
		Release|Any CPU = Release|Any CPU
	EndGlobalSection
	GlobalSection(ProjectConfigurationPlatforms) = postSolution
		{43DFE924-FF49-42E2-8A56-569570EDABF7}.Debug|Any CPU.ActiveCfg = Debug|Any CPU
		{43DFE924-FF49-42E2-8A56-569570EDABF7}.Debug|Any CPU.Build.0 = Debug|Any CPU
		{43DFE924-FF49-42E2-8A56-569570EDABF7}.Release|Any CPU.ActiveCfg = Release|Any CPU
		{43DFE924-FF49-42E2-8A56-569570EDABF7}.Release|Any CPU.Build.0 = Release|Any CPU
		{9C09856B-DD17-4C9D-9C66-E57510696822}.Debug|Any CPU.ActiveCfg = Debug|Any CPU
		{9C09856B-DD17-4C9D-9C66-E57510696822}.Debug|Any CPU.Build.0 = Debug|Any CPU
		{9C09856B-DD17-4C9D-9C66-E57510696822}.Release|Any CPU.ActiveCfg = Release|Any CPU
		{9C09856B-DD17-4C9D-9C66-E57510696822}.Release|Any CPU.Build.0 = Release|Any CPU
		{995DFA86-113C-4D6E-9AF5-E3293190771B}.Debug|Any CPU.ActiveCfg = Debug|Any CPU
		{995DFA86-113C-4D6E-9AF5-E3293190771B}.Debug|Any CPU.Build.0 = Debug|Any CPU
		{995DFA86-113C-4D6E-9AF5-E3293190771B}.Release|Any CPU.ActiveCfg = Release|Any CPU
		{995DFA86-113C-4D6E-9AF5-E3293190771B}.Release|Any CPU.Build.0 = Release|Any CPU
		{20BF28E9-E697-4431-9628-BE7319FF7117}.Debug|Any CPU.ActiveCfg = Debug|Any CPU
		{20BF28E9-E697-4431-9628-BE7319FF7117}.Debug|Any CPU.Build.0 = Debug|Any CPU
		{20BF28E9-E697-4431-9628-BE7319FF7117}.Release|Any CPU.ActiveCfg = Release|Any CPU
		{20BF28E9-E697-4431-9628-BE7319FF7117}.Release|Any CPU.Build.0 = Release|Any CPU
	EndGlobalSection
EndGlobal
